PODS:
  - Alamofire (4.9.1)
  - FSPagerView (0.8.3)
  - MJRefresh (3.2.2)
  - SDWebImage (5.3.1):
    - SDWebImage/Core (= 5.3.1)
  - SDWebImage/Core (5.3.1)
  - SwiftLint (0.37.0)
  - SwiftyJSON (5.0.0)

DEPENDENCIES:
  - Alamofire
  - FSPagerView
  - MJRefresh
  - SDWebImage
  - SwiftLint
  - SwiftyJSON

SPEC REPOS:
  trunk:
    - Alamofire
    - FSPagerView
    - MJRefresh
    - SDWebImage
    - SwiftLint
    - SwiftyJSON

SPEC CHECKSUMS:
  Alamofire: 85e8a02c69d6020a0d734f6054870d7ecb75cf18
  FSPagerView: 670405b2f18e2a87fa37f20b00de783e562c25a8
  MJRefresh: 72a46ecaa2a0feaf48fc5198dff95f25f8bb27c6
  SDWebImage: 7137d57385fb632129838c1e6ab9528a22c666cc
  SwiftLint: c078a14d7d7ade75e5507795d185e3da41d844d2
  SwiftyJSON: 36413e04c44ee145039d332b4f4e2d3e8d6c4db7

PODFILE CHECKSUM: 0e80ebcca0882c1726997a95bbe1aec8c1edb36b

COCOAPODS: 1.8.4
